// !$*UTF8*$!
{
	archiveVersion = 1;
	classes = {
	};
	objectVersion = 50;
	objects = {

/* Begin PBXBuildFile section */
		F33332FA20896DD5001021C0 /* CustomDelegate.swift in Sources */ = {isa = PBXBuildFile; fileRef = F33332F920896DD5001021C0 /* CustomDelegate.swift */; };
		F34358E22086CF870054F620 /* RootViewController.swift in Sources */ = {isa = PBXBuildFile; fileRef = F34358E12086CF870054F620 /* RootViewController.swift */; };
		F3667DB12085823C000E0D88 /* PageViewController.swift in Sources */ = {isa = PBXBuildFile; fileRef = F3667DB02085823C000E0D88 /* PageViewController.swift */; };
		F3DC3F7A2081A8C700791116 /* AppDelegate.swift in Sources */ = {isa = PBXBuildFile; fileRef = F3DC3F792081A8C700791116 /* AppDelegate.swift */; };
		F3DC3F802081A8C700791116 /* ModelController.swift in Sources */ = {isa = PBXBuildFile; fileRef = F3DC3F7F2081A8C700791116 /* ModelController.swift */; };
		F3DC3F832081A8C700791116 /* Main.storyboard in Resources */ = {isa = PBXBuildFile; fileRef = F3DC3F812081A8C700791116 /* Main.storyboard */; };
		F3DC3F852081A8C800791116 /* Assets.xcassets in Resources */ = {isa = PBXBuildFile; fileRef = F3DC3F842081A8C800791116 /* Assets.xcassets */; };
		F3DC3F882081A8C800791116 /* LaunchScreen.storyboard in Resources */ = {isa = PBXBuildFile; fileRef = F3DC3F862081A8C800791116 /* LaunchScreen.storyboard */; };
		F3DC3F932081A8C800791116 /* InfinitePageViewControllerTests.swift in Sources */ = {isa = PBXBuildFile; fileRef = F3DC3F922081A8C800791116 /* InfinitePageViewControllerTests.swift */; };
		F3DC3F9E2081A8C800791116 /* InfinitePageViewControllerUITests.swift in Sources */ = {isa = PBXBuildFile; fileRef = F3DC3F9D2081A8C800791116 /* InfinitePageViewControllerUITests.swift */; };
		F3DC3FB02081E82B00791116 /* UpperTabViewController.swift in Sources */ = {isa = PBXBuildFile; fileRef = F3DC3FAF2081E82B00791116 /* UpperTabViewController.swift */; };
		F3EF8243208C5719009FF5A1 /* TabBarCell.swift in Sources */ = {isa = PBXBuildFile; fileRef = F3EF8242208C5719009FF5A1 /* TabBarCell.swift */; };
		F3EF8245208C5745009FF5A1 /* TabBarCell.xib in Resources */ = {isa = PBXBuildFile; fileRef = F3EF8244208C5745009FF5A1 /* TabBarCell.xib */; };
/* End PBXBuildFile section */

/* Begin PBXContainerItemProxy section */
		F3DC3F8F2081A8C800791116 /* PBXContainerItemProxy */ = {
			isa = PBXContainerItemProxy;
			containerPortal = F3DC3F6E2081A8C700791116 /* Project object */;
			proxyType = 1;
			remoteGlobalIDString = F3DC3F752081A8C700791116;
			remoteInfo = InfinitePageViewController;
		};
		F3DC3F9A2081A8C800791116 /* PBXContainerItemProxy */ = {
			isa = PBXContainerItemProxy;
			containerPortal = F3DC3F6E2081A8C700791116 /* Project object */;
			proxyType = 1;
			remoteGlobalIDString = F3DC3F752081A8C700791116;
			remoteInfo = InfinitePageViewController;
		};
/* End PBXContainerItemProxy section */

/* Begin PBXFileReference section */
		F33332F920896DD5001021C0 /* CustomDelegate.swift */ = {isa = PBXFileReference; lastKnownFileType = sourcecode.swift; path = CustomDelegate.swift; sourceTree = "<group>"; };
		F34358E12086CF870054F620 /* RootViewController.swift */ = {isa = PBXFileReference; lastKnownFileType = sourcecode.swift; path = RootViewController.swift; sourceTree = "<group>"; };
		F3667DB02085823C000E0D88 /* PageViewController.swift */ = {isa = PBXFileReference; lastKnownFileType = sourcecode.swift; path = PageViewController.swift; sourceTree = "<group>"; };
		F3DC3F762081A8C700791116 /* InfinitePageViewController.app */ = {isa = PBXFileReference; explicitFileType = wrapper.application; includeInIndex = 0; path = InfinitePageViewController.app; sourceTree = BUILT_PRODUCTS_DIR; };
		F3DC3F792081A8C700791116 /* AppDelegate.swift */ = {isa = PBXFileReference; lastKnownFileType = sourcecode.swift; path = AppDelegate.swift; sourceTree = "<group>"; };
		F3DC3F7F2081A8C700791116 /* ModelController.swift */ = {isa = PBXFileReference; lastKnownFileType = sourcecode.swift; path = ModelController.swift; sourceTree = "<group>"; };
		F3DC3F822081A8C700791116 /* Base */ = {isa = PBXFileReference; lastKnownFileType = file.storyboard; name = Base; path = Base.lproj/Main.storyboard; sourceTree = "<group>"; };
		F3DC3F842081A8C800791116 /* Assets.xcassets */ = {isa = PBXFileReference; lastKnownFileType = folder.assetcatalog; path = Assets.xcassets; sourceTree = "<group>"; };
		F3DC3F872081A8C800791116 /* Base */ = {isa = PBXFileReference; lastKnownFileType = file.storyboard; name = Base; path = Base.lproj/LaunchScreen.storyboard; sourceTree = "<group>"; };
		F3DC3F892081A8C800791116 /* Info.plist */ = {isa = PBXFileReference; lastKnownFileType = text.plist.xml; path = Info.plist; sourceTree = "<group>"; };
		F3DC3F8E2081A8C800791116 /* InfinitePageViewControllerTests.xctest */ = {isa = PBXFileReference; explicitFileType = wrapper.cfbundle; includeInIndex = 0; path = InfinitePageViewControllerTests.xctest; sourceTree = BUILT_PRODUCTS_DIR; };
		F3DC3F922081A8C800791116 /* InfinitePageViewControllerTests.swift */ = {isa = PBXFileReference; lastKnownFileType = sourcecode.swift; path = InfinitePageViewControllerTests.swift; sourceTree = "<group>"; };
		F3DC3F942081A8C800791116 /* Info.plist */ = {isa = PBXFileReference; lastKnownFileType = text.plist.xml; path = Info.plist; sourceTree = "<group>"; };
		F3DC3F992081A8C800791116 /* InfinitePageViewControllerUITests.xctest */ = {isa = PBXFileReference; explicitFileType = wrapper.cfbundle; includeInIndex = 0; path = InfinitePageViewControllerUITests.xctest; sourceTree = BUILT_PRODUCTS_DIR; };
		F3DC3F9D2081A8C800791116 /* InfinitePageViewControllerUITests.swift */ = {isa = PBXFileReference; lastKnownFileType = sourcecode.swift; path = InfinitePageViewControllerUITests.swift; sourceTree = "<group>"; };
		F3DC3F9F2081A8C800791116 /* Info.plist */ = {isa = PBXFileReference; lastKnownFileType = text.plist.xml; path = Info.plist; sourceTree = "<group>"; };
		F3DC3FAF2081E82B00791116 /* UpperTabViewController.swift */ = {isa = PBXFileReference; lastKnownFileType = sourcecode.swift; path = UpperTabViewController.swift; sourceTree = "<group>"; };
		F3EF8242208C5719009FF5A1 /* TabBarCell.swift */ = {isa = PBXFileReference; lastKnownFileType = sourcecode.swift; path = TabBarCell.swift; sourceTree = "<group>"; };
		F3EF8244208C5745009FF5A1 /* TabBarCell.xib */ = {isa = PBXFileReference; lastKnownFileType = file.xib; path = TabBarCell.xib; sourceTree = "<group>"; };
/* End PBXFileReference section */

/* Begin PBXFrameworksBuildPhase section */
		F3DC3F732081A8C700791116 /* Frameworks */ = {
			isa = PBXFrameworksBuildPhase;
			buildActionMask = 2147483647;
			files = (
			);
			runOnlyForDeploymentPostprocessing = 0;
		};
		F3DC3F8B2081A8C800791116 /* Frameworks */ = {
			isa = PBXFrameworksBuildPhase;
			buildActionMask = 2147483647;
			files = (
			);
			runOnlyForDeploymentPostprocessing = 0;
		};
		F3DC3F962081A8C800791116 /* Frameworks */ = {
			isa = PBXFrameworksBuildPhase;
			buildActionMask = 2147483647;
			files = (
			);
			runOnlyForDeploymentPostprocessing = 0;
		};
/* End PBXFrameworksBuildPhase section */

/* Begin PBXGroup section */
		F3DC3F6D2081A8C700791116 = {
			isa = PBXGroup;
			children = (
				F3DC3F782081A8C700791116 /* InfinitePageViewController */,
				F3DC3F912081A8C800791116 /* InfinitePageViewControllerTests */,
				F3DC3F9C2081A8C800791116 /* InfinitePageViewControllerUITests */,
				F3DC3F772081A8C700791116 /* Products */,
			);
			sourceTree = "<group>";
		};
		F3DC3F772081A8C700791116 /* Products */ = {
			isa = PBXGroup;
			children = (
				F3DC3F762081A8C700791116 /* InfinitePageViewController.app */,
				F3DC3F8E2081A8C800791116 /* InfinitePageViewControllerTests.xctest */,
				F3DC3F992081A8C800791116 /* InfinitePageViewControllerUITests.xctest */,
			);
			name = Products;
			sourceTree = "<group>";
		};
		F3DC3F782081A8C700791116 /* InfinitePageViewController */ = {
			isa = PBXGroup;
			children = (
				F3DC3F792081A8C700791116 /* AppDelegate.swift */,
				F3DC3F7F2081A8C700791116 /* ModelController.swift */,
				F3DC3F812081A8C700791116 /* Main.storyboard */,
				F3DC3F842081A8C800791116 /* Assets.xcassets */,
				F3DC3F862081A8C800791116 /* LaunchScreen.storyboard */,
				F3DC3F892081A8C800791116 /* Info.plist */,
				F3DC3FAF2081E82B00791116 /* UpperTabViewController.swift */,
				F3667DB02085823C000E0D88 /* PageViewController.swift */,
				F34358E12086CF870054F620 /* RootViewController.swift */,
				F33332F920896DD5001021C0 /* CustomDelegate.swift */,
				F3EF8242208C5719009FF5A1 /* TabBarCell.swift */,
				F3EF8244208C5745009FF5A1 /* TabBarCell.xib */,
			);
			path = InfinitePageViewController;
			sourceTree = "<group>";
		};
		F3DC3F912081A8C800791116 /* InfinitePageViewControllerTests */ = {
			isa = PBXGroup;
			children = (
				F3DC3F922081A8C800791116 /* InfinitePageViewControllerTests.swift */,
				F3DC3F942081A8C800791116 /* Info.plist */,
			);
			path = InfinitePageViewControllerTests;
			sourceTree = "<group>";
		};
		F3DC3F9C2081A8C800791116 /* InfinitePageViewControllerUITests */ = {
			isa = PBXGroup;
			children = (
				F3DC3F9D2081A8C800791116 /* InfinitePageViewControllerUITests.swift */,
				F3DC3F9F2081A8C800791116 /* Info.plist */,
			);
			path = InfinitePageViewControllerUITests;
			sourceTree = "<group>";
		};
/* End PBXGroup section */

/* Begin PBXNativeTarget section */
		F3DC3F752081A8C700791116 /* InfinitePageViewController */ = {
			isa = PBXNativeTarget;
			buildConfigurationList = F3DC3FA22081A8C800791116 /* Build configuration list for PBXNativeTarget "InfinitePageViewController" */;
			buildPhases = (
				F3DC3F722081A8C700791116 /* Sources */,
				F3DC3F732081A8C700791116 /* Frameworks */,
				F3DC3F742081A8C700791116 /* Resources */,
			);
			buildRules = (
			);
			dependencies = (
			);
			name = InfinitePageViewController;
			productName = InfinitePageViewController;
			productReference = F3DC3F762081A8C700791116 /* InfinitePageViewController.app */;
			productType = "com.apple.product-type.application";
		};
		F3DC3F8D2081A8C800791116 /* InfinitePageViewControllerTests */ = {
			isa = PBXNativeTarget;
			buildConfigurationList = F3DC3FA52081A8C800791116 /* Build configuration list for PBXNativeTarget "InfinitePageViewControllerTests" */;
			buildPhases = (
				F3DC3F8A2081A8C800791116 /* Sources */,
				F3DC3F8B2081A8C800791116 /* Frameworks */,
				F3DC3F8C2081A8C800791116 /* Resources */,
			);
			buildRules = (
			);
			dependencies = (
				F3DC3F902081A8C800791116 /* PBXTargetDependency */,
			);
			name = InfinitePageViewControllerTests;
			productName = InfinitePageViewControllerTests;
			productReference = F3DC3F8E2081A8C800791116 /* InfinitePageViewControllerTests.xctest */;
			productType = "com.apple.product-type.bundle.unit-test";
		};
		F3DC3F982081A8C800791116 /* InfinitePageViewControllerUITests */ = {
			isa = PBXNativeTarget;
			buildConfigurationList = F3DC3FA82081A8C800791116 /* Build configuration list for PBXNativeTarget "InfinitePageViewControllerUITests" */;
			buildPhases = (
				F3DC3F952081A8C800791116 /* Sources */,
				F3DC3F962081A8C800791116 /* Frameworks */,
				F3DC3F972081A8C800791116 /* Resources */,
			);
			buildRules = (
			);
			dependencies = (
				F3DC3F9B2081A8C800791116 /* PBXTargetDependency */,
			);
			name = InfinitePageViewControllerUITests;
			productName = InfinitePageViewControllerUITests;
			productReference = F3DC3F992081A8C800791116 /* InfinitePageViewControllerUITests.xctest */;
			productType = "com.apple.product-type.bundle.ui-testing";
		};
/* End PBXNativeTarget section */

/* Begin PBXProject section */
		F3DC3F6E2081A8C700791116 /* Project object */ = {
			isa = PBXProject;
			attributes = {
				LastSwiftUpdateCheck = 0930;
				LastUpgradeCheck = 0930;
				ORGANIZATIONNAME = htomcat;
				TargetAttributes = {
					F3DC3F752081A8C700791116 = {
						CreatedOnToolsVersion = 9.3;
					};
					F3DC3F8D2081A8C800791116 = {
						CreatedOnToolsVersion = 9.3;
						TestTargetID = F3DC3F752081A8C700791116;
					};
					F3DC3F982081A8C800791116 = {
						CreatedOnToolsVersion = 9.3;
						TestTargetID = F3DC3F752081A8C700791116;
					};
				};
			};
			buildConfigurationList = F3DC3F712081A8C700791116 /* Build configuration list for PBXProject "InfinitePageViewController" */;
			compatibilityVersion = "Xcode 9.3";
			developmentRegion = en;
			hasScannedForEncodings = 0;
			knownRegions = (
				en,
				Base,
			);
			mainGroup = F3DC3F6D2081A8C700791116;
			productRefGroup = F3DC3F772081A8C700791116 /* Products */;
			projectDirPath = "";
			projectRoot = "";
			targets = (
				F3DC3F752081A8C700791116 /* InfinitePageViewController */,
				F3DC3F8D2081A8C800791116 /* InfinitePageViewControllerTests */,
				F3DC3F982081A8C800791116 /* InfinitePageViewControllerUITests */,
			);
		};
/* End PBXProject section */

/* Begin PBXResourcesBuildPhase section */
		F3DC3F742081A8C700791116 /* Resources */ = {
			isa = PBXResourcesBuildPhase;
			buildActionMask = 2147483647;
			files = (
				F3DC3F882081A8C800791116 /* LaunchScreen.storyboard in Resources */,
				F3DC3F852081A8C800791116 /* Assets.xcassets in Resources */,
				F3DC3F832081A8C700791116 /* Main.storyboard in Resources */,
				F3EF8245208C5745009FF5A1 /* TabBarCell.xib in Resources */,
			);
			runOnlyForDeploymentPostprocessing = 0;
		};
		F3DC3F8C2081A8C800791116 /* Resources */ = {
			isa = PBXResourcesBuildPhase;
			buildActionMask = 2147483647;
			files = (
			);
			runOnlyForDeploymentPostprocessing = 0;
		};
		F3DC3F972081A8C800791116 /* Resources */ = {
			isa = PBXResourcesBuildPhase;
			buildActionMask = 2147483647;
			files = (
			);
			runOnlyForDeploymentPostprocessing = 0;
		};
/* End PBXResourcesBuildPhase section */

/* Begin PBXSourcesBuildPhase section */
		F3DC3F722081A8C700791116 /* Sources */ = {
			isa = PBXSourcesBuildPhase;
			buildActionMask = 2147483647;
			files = (
				F34358E22086CF870054F620 /* RootViewController.swift in Sources */,
				F3667DB12085823C000E0D88 /* PageViewController.swift in Sources */,
				F3EF8243208C5719009FF5A1 /* TabBarCell.swift in Sources */,
				F3DC3FB02081E82B00791116 /* UpperTabViewController.swift in Sources */,
				F3DC3F802081A8C700791116 /* ModelController.swift in Sources */,
				F3DC3F7A2081A8C700791116 /* AppDelegate.swift in Sources */,
				F33332FA20896DD5001021C0 /* CustomDelegate.swift in Sources */,
			);
			runOnlyForDeploymentPostprocessing = 0;
		};
		F3DC3F8A2081A8C800791116 /* Sources */ = {
			isa = PBXSourcesBuildPhase;
			buildActionMask = 2147483647;
			files = (
				F3DC3F932081A8C800791116 /* InfinitePageViewControllerTests.swift in Sources */,
			);
			runOnlyForDeploymentPostprocessing = 0;
		};
		F3DC3F952081A8C800791116 /* Sources */ = {
			isa = PBXSourcesBuildPhase;
			buildActionMask = 2147483647;
			files = (
				F3DC3F9E2081A8C800791116 /* InfinitePageViewControllerUITests.swift in Sources */,
			);
			runOnlyForDeploymentPostprocessing = 0;
		};
/* End PBXSourcesBuildPhase section */

/* Begin PBXTargetDependency section */
		F3DC3F902081A8C800791116 /* PBXTargetDependency */ = {
			isa = PBXTargetDependency;
			target = F3DC3F752081A8C700791116 /* InfinitePageViewController */;
			targetProxy = F3DC3F8F2081A8C800791116 /* PBXContainerItemProxy */;
		};
		F3DC3F9B2081A8C800791116 /* PBXTargetDependency */ = {
			isa = PBXTargetDependency;
			target = F3DC3F752081A8C700791116 /* InfinitePageViewController */;
			targetProxy = F3DC3F9A2081A8C800791116 /* PBXContainerItemProxy */;
		};
/* End PBXTargetDependency section */

/* Begin PBXVariantGroup section */
		F3DC3F812081A8C700791116 /* Main.storyboard */ = {
			isa = PBXVariantGroup;
			children = (
				F3DC3F822081A8C700791116 /* Base */,
			);
			name = Main.storyboard;
			sourceTree = "<group>";
		};
		F3DC3F862081A8C800791116 /* LaunchScreen.storyboard */ = {
			isa = PBXVariantGroup;
			children = (
				F3DC3F872081A8C800791116 /* Base */,
			);
			name = LaunchScreen.storyboard;
			sourceTree = "<group>";
		};
/* End PBXVariantGroup section */

/* Begin XCBuildConfiguration section */
		F3DC3FA02081A8C800791116 /* Debug */ = {
			isa = XCBuildConfiguration;
			buildSettings = {
				ALWAYS_SEARCH_USER_PATHS = NO;
				CLANG_ANALYZER_NONNULL = YES;
				CLANG_ANALYZER_NUMBER_OBJECT_CONVERSION = YES_AGGRESSIVE;
				CLANG_CXX_LANGUAGE_STANDARD = "gnu++14";
				CLANG_CXX_LIBRARY = "libc++";
				CLANG_ENABLE_MODULES = YES;
				CLANG_ENABLE_OBJC_ARC = YES;
				CLANG_ENABLE_OBJC_WEAK = YES;
				CLANG_WARN_BLOCK_CAPTURE_AUTORELEASING = YES;
				CLANG_WARN_BOOL_CONVERSION = YES;
				CLANG_WARN_COMMA = YES;
				CLANG_WARN_CONSTANT_CONVERSION = YES;
				CLANG_WARN_DEPRECATED_OBJC_IMPLEMENTATIONS = YES;
				CLANG_WARN_DIRECT_OBJC_ISA_USAGE = YES_ERROR;
				CLANG_WARN_DOCUMENTATION_COMMENTS = YES;
				CLANG_WARN_EMPTY_BODY = YES;
				CLANG_WARN_ENUM_CONVERSION = YES;
				CLANG_WARN_INFINITE_RECURSION = YES;
				CLANG_WARN_INT_CONVERSION = YES;
				CLANG_WARN_NON_LITERAL_NULL_CONVERSION = YES;
				CLANG_WARN_OBJC_IMPLICIT_RETAIN_SELF = YES;
				CLANG_WARN_OBJC_LITERAL_CONVERSION = YES;
				CLANG_WARN_OBJC_ROOT_CLASS = YES_ERROR;
				CLANG_WARN_RANGE_LOOP_ANALYSIS = YES;
				CLANG_WARN_STRICT_PROTOTYPES = YES;
				CLANG_WARN_SUSPICIOUS_MOVE = YES;
				CLANG_WARN_UNGUARDED_AVAILABILITY = YES_AGGRESSIVE;
				CLANG_WARN_UNREACHABLE_CODE = YES;
				CLANG_WARN__DUPLICATE_METHOD_MATCH = YES;
				CODE_SIGN_IDENTITY = "iPhone Developer";
				COPY_PHASE_STRIP = NO;
				DEBUG_INFORMATION_FORMAT = dwarf;
				ENABLE_STRICT_OBJC_MSGSEND = YES;
				ENABLE_TESTABILITY = YES;
				GCC_C_LANGUAGE_STANDARD = gnu11;
				GCC_DYNAMIC_NO_PIC = NO;
				GCC_NO_COMMON_BLOCKS = YES;
				GCC_OPTIMIZATION_LEVEL = 0;
				GCC_PREPROCESSOR_DEFINITIONS = (
					"DEBUG=1",
					"$(inherited)",
				);
				GCC_WARN_64_TO_32_BIT_CONVERSION = YES;
				GCC_WARN_ABOUT_RETURN_TYPE = YES_ERROR;
				GCC_WARN_UNDECLARED_SELECTOR = YES;
				GCC_WARN_UNINITIALIZED_AUTOS = YES_AGGRESSIVE;
				GCC_WARN_UNUSED_FUNCTION = YES;
				GCC_WARN_UNUSED_VARIABLE = YES;
				IPHONEOS_DEPLOYMENT_TARGET = 11.3;
				MTL_ENABLE_DEBUG_INFO = YES;
				ONLY_ACTIVE_ARCH = YES;
				SDKROOT = iphoneos;
				SWIFT_ACTIVE_COMPILATION_CONDITIONS = DEBUG;
				SWIFT_OPTIMIZATION_LEVEL = "-Onone";
			};
			name = Debug;
		};
		F3DC3FA12081A8C800791116 /* Release */ = {
			isa = XCBuildConfiguration;
			buildSettings = {
				ALWAYS_SEARCH_USER_PATHS = NO;
				CLANG_ANALYZER_NONNULL = YES;
				CLANG_ANALYZER_NUMBER_OBJECT_CONVERSION = YES_AGGRESSIVE;
				CLANG_CXX_LANGUAGE_STANDARD = "gnu++14";
				CLANG_CXX_LIBRARY = "libc++";
				CLANG_ENABLE_MODULES = YES;
				CLANG_ENABLE_OBJC_ARC = YES;
				CLANG_ENABLE_OBJC_WEAK = YES;
				CLANG_WARN_BLOCK_CAPTURE_AUTORELEASING = YES;
				CLANG_WARN_BOOL_CONVERSION = YES;
				CLANG_WARN_COMMA = YES;
				CLANG_WARN_CONSTANT_CONVERSION = YES;
				CLANG_WARN_DEPRECATED_OBJC_IMPLEMENTATIONS = YES;
				CLANG_WARN_DIRECT_OBJC_ISA_USAGE = YES_ERROR;
				CLANG_WARN_DOCUMENTATION_COMMENTS = YES;
				CLANG_WARN_EMPTY_BODY = YES;
				CLANG_WARN_ENUM_CONVERSION = YES;
				CLANG_WARN_INFINITE_RECURSION = YES;
				CLANG_WARN_INT_CONVERSION = YES;
				CLANG_WARN_NON_LITERAL_NULL_CONVERSION = YES;
				CLANG_WARN_OBJC_IMPLICIT_RETAIN_SELF = YES;
				CLANG_WARN_OBJC_LITERAL_CONVERSION = YES;
				CLANG_WARN_OBJC_ROOT_CLASS = YES_ERROR;
				CLANG_WARN_RANGE_LOOP_ANALYSIS = YES;
				CLANG_WARN_STRICT_PROTOTYPES = YES;
				CLANG_WARN_SUSPICIOUS_MOVE = YES;
				CLANG_WARN_UNGUARDED_AVAILABILITY = YES_AGGRESSIVE;
				CLANG_WARN_UNREACHABLE_CODE = YES;
				CLANG_WARN__DUPLICATE_METHOD_MATCH = YES;
				CODE_SIGN_IDENTITY = "iPhone Developer";
				COPY_PHASE_STRIP = NO;
				DEBUG_INFORMATION_FORMAT = "dwarf-with-dsym";
				ENABLE_NS_ASSERTIONS = NO;
				ENABLE_STRICT_OBJC_MSGSEND = YES;
				GCC_C_LANGUAGE_STANDARD = gnu11;
				GCC_NO_COMMON_BLOCKS = YES;
				GCC_WARN_64_TO_32_BIT_CONVERSION = YES;
				GCC_WARN_ABOUT_RETURN_TYPE = YES_ERROR;
				GCC_WARN_UNDECLARED_SELECTOR = YES;
				GCC_WARN_UNINITIALIZED_AUTOS = YES_AGGRESSIVE;
				GCC_WARN_UNUSED_FUNCTION = YES;
				GCC_WARN_UNUSED_VARIABLE = YES;
				IPHONEOS_DEPLOYMENT_TARGET = 11.3;
				MTL_ENABLE_DEBUG_INFO = NO;
				SDKROOT = iphoneos;
				SWIFT_COMPILATION_MODE = wholemodule;
				SWIFT_OPTIMIZATION_LEVEL = "-O";
				VALIDATE_PRODUCT = YES;
			};
			name = Release;
		};
		F3DC3FA32081A8C800791116 /* Debug */ = {
			isa = XCBuildConfiguration;
			buildSettings = {
				ASSETCATALOG_COMPILER_APPICON_NAME = AppIcon;
				CODE_SIGN_STYLE = Automatic;
				INFOPLIST_FILE = InfinitePageViewController/Info.plist;
				LD_RUNPATH_SEARCH_PATHS = (
					"$(inherited)",
					"@executable_path/Frameworks",
				);
				PRODUCT_BUNDLE_IDENTIFIER = htomcat.InfinitePageViewController;
				PRODUCT_NAME = "$(TARGET_NAME)";
				SWIFT_VERSION = 4.0;
				TARGETED_DEVICE_FAMILY = "1,2";
			};
			name = Debug;
		};
		F3DC3FA42081A8C800791116 /* Release */ = {
			isa = XCBuildConfiguration;
			buildSettings = {
				ASSETCATALOG_COMPILER_APPICON_NAME = AppIcon;
				CODE_SIGN_STYLE = Automatic;
				INFOPLIST_FILE = InfinitePageViewController/Info.plist;
				LD_RUNPATH_SEARCH_PATHS = (
					"$(inherited)",
					"@executable_path/Frameworks",
				);
				PRODUCT_BUNDLE_IDENTIFIER = htomcat.InfinitePageViewController;
				PRODUCT_NAME = "$(TARGET_NAME)";
				SWIFT_VERSION = 4.0;
				TARGETED_DEVICE_FAMILY = "1,2";
			};
			name = Release;
		};
		F3DC3FA62081A8C800791116 /* Debug */ = {
			isa = XCBuildConfiguration;
			buildSettings = {
				ALWAYS_EMBED_SWIFT_STANDARD_LIBRARIES = YES;
				BUNDLE_LOADER = "$(TEST_HOST)";
				CODE_SIGN_STYLE = Automatic;
				INFOPLIST_FILE = InfinitePageViewControllerTests/Info.plist;
				LD_RUNPATH_SEARCH_PATHS = (
					"$(inherited)",
					"@executable_path/Frameworks",
					"@loader_path/Frameworks",
				);
				PRODUCT_BUNDLE_IDENTIFIER = htomcat.InfinitePageViewControllerTests;
				PRODUCT_NAME = "$(TARGET_NAME)";
				SWIFT_VERSION = 4.0;
				TARGETED_DEVICE_FAMILY = "1,2";
				TEST_HOST = "$(BUILT_PRODUCTS_DIR)/InfinitePageViewController.app/InfinitePageViewController";
			};
			name = Debug;
		};
		F3DC3FA72081A8C800791116 /* Release */ = {
			isa = XCBuildConfiguration;
			buildSettings = {
				ALWAYS_EMBED_SWIFT_STANDARD_LIBRARIES = YES;
				BUNDLE_LOADER = "$(TEST_HOST)";
				CODE_SIGN_STYLE = Automatic;
				INFOPLIST_FILE = InfinitePageViewControllerTests/Info.plist;
				LD_RUNPATH_SEARCH_PATHS = (
					"$(inherited)",
					"@executable_path/Frameworks",
					"@loader_path/Frameworks",
				);
				PRODUCT_BUNDLE_IDENTIFIER = htomcat.InfinitePageViewControllerTests;
				PRODUCT_NAME = "$(TARGET_NAME)";
				SWIFT_VERSION = 4.0;
				TARGETED_DEVICE_FAMILY = "1,2";
				TEST_HOST = "$(BUILT_PRODUCTS_DIR)/InfinitePageViewController.app/InfinitePageViewController";
			};
			name = Release;
		};
		F3DC3FA92081A8C800791116 /* Debug */ = {
			isa = XCBuildConfiguration;
			buildSettings = {
				ALWAYS_EMBED_SWIFT_STANDARD_LIBRARIES = YES;
				CODE_SIGN_STYLE = Automatic;
				INFOPLIST_FILE = InfinitePageViewControllerUITests/Info.plist;
				LD_RUNPATH_SEARCH_PATHS = (
					"$(inherited)",
					"@executable_path/Frameworks",
					"@loader_path/Frameworks",
				);
				PRODUCT_BUNDLE_IDENTIFIER = htomcat.InfinitePageViewControllerUITests;
				PRODUCT_NAME = "$(TARGET_NAME)";
				SWIFT_VERSION = 4.0;
				TARGETED_DEVICE_FAMILY = "1,2";
				TEST_TARGET_NAME = InfinitePageViewController;
			};
			name = Debug;
		};
		F3DC3FAA2081A8C800791116 /* Release */ = {
			isa = XCBuildConfiguration;
			buildSettings = {
				ALWAYS_EMBED_SWIFT_STANDARD_LIBRARIES = YES;
				CODE_SIGN_STYLE = Automatic;
				INFOPLIST_FILE = InfinitePageViewControllerUITests/Info.plist;
				LD_RUNPATH_SEARCH_PATHS = (
					"$(inherited)",
					"@executable_path/Frameworks",
					"@loader_path/Frameworks",
				);
				PRODUCT_BUNDLE_IDENTIFIER = htomcat.InfinitePageViewControllerUITests;
				PRODUCT_NAME = "$(TARGET_NAME)";
				SWIFT_VERSION = 4.0;
				TARGETED_DEVICE_FAMILY = "1,2";
				TEST_TARGET_NAME = InfinitePageViewController;
			};
			name = Release;
		};
/* End XCBuildConfiguration section */

/* Begin XCConfigurationList section */
		F3DC3F712081A8C700791116 /* Build configuration list for PBXProject "InfinitePageViewController" */ = {
			isa = XCConfigurationList;
			buildConfigurations = (
				F3DC3FA02081A8C800791116 /* Debug */,
				F3DC3FA12081A8C800791116 /* Release */,
			);
			defaultConfigurationIsVisible = 0;
			defaultConfigurationName = Release;
		};
		F3DC3FA22081A8C800791116 /* Build configuration list for PBXNativeTarget "InfinitePageViewController" */ = {
			isa = XCConfigurationList;
			buildConfigurations = (
				F3DC3FA32081A8C800791116 /* Debug */,
				F3DC3FA42081A8C800791116 /* Release */,
			);
			defaultConfigurationIsVisible = 0;
			defaultConfigurationName = Release;
		};
		F3DC3FA52081A8C800791116 /* Build configuration list for PBXNativeTarget "InfinitePageViewControllerTests" */ = {
			isa = XCConfigurationList;
			buildConfigurations = (
				F3DC3FA62081A8C800791116 /* Debug */,
				F3DC3FA72081A8C800791116 /* Release */,
			);
			defaultConfigurationIsVisible = 0;
			defaultConfigurationName = Release;
		};
		F3DC3FA82081A8C800791116 /* Build configuration list for PBXNativeTarget "InfinitePageViewControllerUITests" */ = {
			isa = XCConfigurationList;
			buildConfigurations = (
				F3DC3FA92081A8C800791116 /* Debug */,
				F3DC3FAA2081A8C800791116 /* Release */,
			);
			defaultConfigurationIsVisible = 0;
			defaultConfigurationName = Release;
		};
/* End XCConfigurationList section */
	};
	rootObject = F3DC3F6E2081A8C700791116 /* Project object */;
}
